
Microsoft Visual Studio Solution File, Format Version 12.00
# Visual Studio Version 16
VisualStudioVersion = 16.0.31112.23
MinimumVisualStudioVersion = 10.0.40219.1
Project("{FAE04EC0-301F-11D3-BF4B-00C04F79EFBC}") = "LearningNavisworksAPI", "AddinRibbon\LearningNavisworksAPI.csproj", "{C283A2CC-975C-4614-9D02-FF5EE83FA60C}"
EndProject
Project("{FAE04EC0-301F-11D3-BF4B-00C04F79EFBC}") = "ConsoleAppExperiment", "ConsoleAppExperiment\ConsoleAppExperiment.csproj", "{6947AC48-65CA-4A95-B8D4-1623DB70887A}"
EndProject
Project("{FAE04EC0-301F-11D3-BF4B-00C04F79EFBC}") = "WPFCustomPoperty", "WPFCustomPoperty\WPFCustomPoperty.csproj", "{2A1465AA-87F0-4A0E-AF8C-1858BB823B47}"
EndProject
Global
	GlobalSection(SolutionConfigurationPlatforms) = preSolution
		Debug|Any CPU = Debug|Any CPU
		Release|Any CPU = Release|Any CPU
	EndGlobalSection
	GlobalSection(ProjectConfigurationPlatforms) = postSolution
		{C283A2CC-975C-4614-9D02-FF5EE83FA60C}.Debug|Any CPU.ActiveCfg = Debug|Any CPU
		{C283A2CC-975C-4614-9D02-FF5EE83FA60C}.Debug|Any CPU.Build.0 = Debug|Any CPU
		{C283A2CC-975C-4614-9D02-FF5EE83FA60C}.Release|Any CPU.ActiveCfg = Release|Any CPU
		{C283A2CC-975C-4614-9D02-FF5EE83FA60C}.Release|Any CPU.Build.0 = Release|Any CPU
		{6947AC48-65CA-4A95-B8D4-1623DB70887A}.Debug|Any CPU.ActiveCfg = Debug|Any CPU
		{6947AC48-65CA-4A95-B8D4-1623DB70887A}.Debug|Any CPU.Build.0 = Debug|Any CPU
		{6947AC48-65CA-4A95-B8D4-1623DB70887A}.Release|Any CPU.ActiveCfg = Release|Any CPU
		{6947AC48-65CA-4A95-B8D4-1623DB70887A}.Release|Any CPU.Build.0 = Release|Any CPU
		{2A1465AA-87F0-4A0E-AF8C-1858BB823B47}.Debug|Any CPU.ActiveCfg = Debug|Any CPU
		{2A1465AA-87F0-4A0E-AF8C-1858BB823B47}.Debug|Any CPU.Build.0 = Debug|Any CPU
		{2A1465AA-87F0-4A0E-AF8C-1858BB823B47}.Release|Any CPU.ActiveCfg = Release|Any CPU
		{2A1465AA-87F0-4A0E-AF8C-1858BB823B47}.Release|Any CPU.Build.0 = Release|Any CPU
	EndGlobalSection
	GlobalSection(SolutionProperties) = preSolution
		HideSolutionNode = FALSE
	EndGlobalSection
	GlobalSection(ExtensibilityGlobals) = postSolution
		SolutionGuid = {2B2BB8E1-E088-470D-BA77-6BC3E13EF66E}
	EndGlobalSection
EndGlobal
