
Microsoft Visual Studio Solution File, Format Version 12.00
# Visual Studio Version 16
VisualStudioVersion = 16.0.31112.23
MinimumVisualStudioVersion = 10.0.40219.1
Project("{FAE04EC0-301F-11D3-BF4B-00C04F79EFBC}") = "LearningNavisworksAPI", "AddinRibbon\LearningNavisworksAPI.csproj", "{C283A2CC-975C-4614-9D02-FF5EE83FA60C}"
EndProject
Global
	GlobalSection(SolutionConfigurationPlatforms) = preSolution
		Debug|Any CPU = Debug|Any CPU
		Release|Any CPU = Release|Any CPU
	EndGlobalSection
	GlobalSection(ProjectConfigurationPlatforms) = postSolution
		{C283A2CC-975C-4614-9D02-FF5EE83FA60C}.Debug|Any CPU.ActiveCfg = Debug|Any CPU
		{C283A2CC-975C-4614-9D02-FF5EE83FA60C}.Debug|Any CPU.Build.0 = Debug|Any CPU
		{C283A2CC-975C-4614-9D02-FF5EE83FA60C}.Release|Any CPU.ActiveCfg = Release|Any CPU
		{C283A2CC-975C-4614-9D02-FF5EE83FA60C}.Release|Any CPU.Build.0 = Release|Any CPU
	EndGlobalSection
	GlobalSection(SolutionProperties) = preSolution
		HideSolutionNode = FALSE
	EndGlobalSection
	GlobalSection(ExtensibilityGlobals) = postSolution
		SolutionGuid = {2B2BB8E1-E088-470D-BA77-6BC3E13EF66E}
	EndGlobalSection
EndGlobal
